
Microsoft Visual Studio Solution File, Format Version 12.00
# Visual Studio Version 16
VisualStudioVersion = 16.0.31321.278
MinimumVisualStudioVersion = 10.0.40219.1
Project("{FAE04EC0-301F-11D3-BF4B-00C04F79EFBC}") = "SomethingSite", "SomethingSite\SomethingSite.csproj", "{3916A3F3-39A5-4434-8D63-DB522CD3919A}"
EndProject
Global
	GlobalSection(SolutionConfigurationPlatforms) = preSolution
		Debug|Any CPU = Debug|Any CPU
		Release|Any CPU = Release|Any CPU
	EndGlobalSection
	GlobalSection(ProjectConfigurationPlatforms) = postSolution
		{3916A3F3-39A5-4434-8D63-DB522CD3919A}.Debug|Any CPU.ActiveCfg = Debug|Any CPU
		{3916A3F3-39A5-4434-8D63-DB522CD3919A}.Debug|Any CPU.Build.0 = Debug|Any CPU
		{3916A3F3-39A5-4434-8D63-DB522CD3919A}.Release|Any CPU.ActiveCfg = Release|Any CPU
		{3916A3F3-39A5-4434-8D63-DB522CD3919A}.Release|Any CPU.Build.0 = Release|Any CPU
	EndGlobalSection
	GlobalSection(SolutionProperties) = preSolution
		HideSolutionNode = FALSE
	EndGlobalSection
	GlobalSection(ExtensibilityGlobals) = postSolution
		SolutionGuid = {6463E752-2294-4E9F-AF1B-FF760E6CF3F6}
	EndGlobalSection
EndGlobal
